schema: '2.0'
stages:
  data_ingestion:
    cmd: python src/data_ingestion.py
    deps:
    - path: src/data_ingestion.py
      hash: md5
      md5: 7b9cd51772708b5ecac671d59cc1b5aa
      size: 4922
    params:
      params.yaml:
        data_ingestion.test_size: 0.22
    outs:
    - path: data/raw/
      hash: md5
      md5: 42b416fcee44aa8e1db5fccaa7c2d659.dir
      size: 484846
      nfiles: 2
  data_preprocessing:
    cmd: python src/data_preprocessing.py
    deps:
    - path: data/raw/
      hash: md5
      md5: 42b416fcee44aa8e1db5fccaa7c2d659.dir
      size: 484846
      nfiles: 2
    - path: src/data_preprocessing.py
      hash: md5
      md5: 4937ff7e59965d90488c40d422456559
      size: 4544
    outs:
    - path: data/interim/
      hash: md5
      md5: 896ade1cc86b11eb39f6f3fc92c25751.dir
      size: 284575
      nfiles: 2
  feature_engineering:
    cmd: python src/feature_engineering.py
    deps:
    - path: data/interim/
      hash: md5
      md5: 896ade1cc86b11eb39f6f3fc92c25751.dir
      size: 284575
      nfiles: 2
    - path: src/feature_engineering.py
      hash: md5
      md5: 1aec636478ff017126d7ae2da0332ad6
      size: 5146
    params:
      params.yaml:
        feature_engineering.max_features: 100
    outs:
    - path: data/processed/
      hash: md5
      md5: 79725e23fbc14e83b29dff9da33ae33e.dir
      size: 2324485
      nfiles: 2
  model_training:
    cmd: python src/model_training.py
    deps:
    - path: data/processed/
      hash: md5
      md5: 79725e23fbc14e83b29dff9da33ae33e.dir
      size: 2324485
      nfiles: 2
    - path: src/model_training.py
      hash: md5
      md5: ea12cccff38db89cd97e548e96f18d55
      size: 5297
    params:
      params.yaml:
        model_training.max_depth: 10
        model_training.n_estimators: 100
        model_training.random_state: 42
    outs:
    - path: models/trained_model.pkl
      hash: md5
      md5: 73cd2dd13d15b08a734bf2aa1baa9bd8
      size: 5375716
  model_evaluation:
    cmd: python src/model_evaluation.py
    deps:
    - path: models/trained_model.pkl
      hash: md5
      md5: 73cd2dd13d15b08a734bf2aa1baa9bd8
      size: 5375716
    - path: src/model_evaluation.py
      hash: md5
      md5: 72c4aead71ffd3f9f7f3d12f95cd8dd6
      size: 4788
    outs:
    - path: reports/evaluation_report.json
      hash: md5
      md5: 68bfe9d1010371c3977886c29eb1fe62
      size: 149
